
Microsoft Visual Studio Solution File, Format Version 12.00
Project("{FAE04EC0-301F-11D3-BF4B-00C04F79EFBC}") = "SpendSmart", "SpendSmart.csproj", "{191E6EA1-609B-4640-B0EF-D44ABD0776F7}"
EndProject
Global
	GlobalSection(SolutionConfigurationPlatforms) = preSolution
		Debug|Any CPU = Debug|Any CPU
		Release|Any CPU = Release|Any CPU
	EndGlobalSection
	GlobalSection(ProjectConfigurationPlatforms) = postSolution
		{191E6EA1-609B-4640-B0EF-D44ABD0776F7}.Debug|Any CPU.ActiveCfg = Debug|Any CPU
		{191E6EA1-609B-4640-B0EF-D44ABD0776F7}.Debug|Any CPU.Build.0 = Debug|Any CPU
		{191E6EA1-609B-4640-B0EF-D44ABD0776F7}.Release|Any CPU.ActiveCfg = Release|Any CPU
		{191E6EA1-609B-4640-B0EF-D44ABD0776F7}.Release|Any CPU.Build.0 = Release|Any CPU
	EndGlobalSection
EndGlobal
